
Microsoft Visual Studio Solution File, Format Version 12.00
# Visual Studio Version 16
VisualStudioVersion = 16.0.31019.35
MinimumVisualStudioVersion = 10.0.40219.1
Project("{00D1A9C2-B5F0-4AF3-8072-F6C62B433612}") = "RetailManagerDB", "RetailManagerDB\RetailManagerDB.sqlproj", "{51E3EF32-DB19-4A81-A0DC-E164371E40F4}"
EndProject
Project("{FAE04EC0-301F-11D3-BF4B-00C04F79EFBC}") = "DataAccesLibrary", "DataAccesLibrary\DataAccesLibrary.csproj", "{61FF331B-8068-479C-809B-A6F664A00DDA}"
EndProject
Project("{FAE04EC0-301F-11D3-BF4B-00C04F79EFBC}") = "RetailManagerUI.Views", "RetailManagerUI\Code\MVVMDemo.Views\RetailManagerUI.Views.csproj", "{2A660465-0791-41EB-8FB2-D688BFABDFE8}"
EndProject
Project("{FAE04EC0-301F-11D3-BF4B-00C04F79EFBC}") = "RetailmanagerUI.ViewModels", "RetailManagerUI\Code\MVVMDemo.ViewModels\RetailmanagerUI.ViewModels.csproj", "{35993A80-8814-4C88-A174-F1C3AC54D70C}"
EndProject
Project("{FAE04EC0-301F-11D3-BF4B-00C04F79EFBC}") = "RetailManagerUI.Models", "RetailManagerUI\Code\MVVMDemo.Models\RetailManagerUI.Models.csproj", "{17AF6BAD-57EF-462D-9891-258CF26F72A6}"
EndProject
Global
	GlobalSection(SolutionConfigurationPlatforms) = preSolution
		Debug|Any CPU = Debug|Any CPU
		Release|Any CPU = Release|Any CPU
	EndGlobalSection
	GlobalSection(ProjectConfigurationPlatforms) = postSolution
		{51E3EF32-DB19-4A81-A0DC-E164371E40F4}.Debug|Any CPU.ActiveCfg = Debug|Any CPU
		{51E3EF32-DB19-4A81-A0DC-E164371E40F4}.Debug|Any CPU.Build.0 = Debug|Any CPU
		{51E3EF32-DB19-4A81-A0DC-E164371E40F4}.Debug|Any CPU.Deploy.0 = Debug|Any CPU
		{51E3EF32-DB19-4A81-A0DC-E164371E40F4}.Release|Any CPU.ActiveCfg = Release|Any CPU
		{51E3EF32-DB19-4A81-A0DC-E164371E40F4}.Release|Any CPU.Build.0 = Release|Any CPU
		{51E3EF32-DB19-4A81-A0DC-E164371E40F4}.Release|Any CPU.Deploy.0 = Release|Any CPU
		{61FF331B-8068-479C-809B-A6F664A00DDA}.Debug|Any CPU.ActiveCfg = Debug|Any CPU
		{61FF331B-8068-479C-809B-A6F664A00DDA}.Debug|Any CPU.Build.0 = Debug|Any CPU
		{61FF331B-8068-479C-809B-A6F664A00DDA}.Release|Any CPU.ActiveCfg = Release|Any CPU
		{61FF331B-8068-479C-809B-A6F664A00DDA}.Release|Any CPU.Build.0 = Release|Any CPU
		{2A660465-0791-41EB-8FB2-D688BFABDFE8}.Debug|Any CPU.ActiveCfg = Debug|Any CPU
		{2A660465-0791-41EB-8FB2-D688BFABDFE8}.Debug|Any CPU.Build.0 = Debug|Any CPU
		{2A660465-0791-41EB-8FB2-D688BFABDFE8}.Release|Any CPU.ActiveCfg = Release|Any CPU
		{2A660465-0791-41EB-8FB2-D688BFABDFE8}.Release|Any CPU.Build.0 = Release|Any CPU
		{35993A80-8814-4C88-A174-F1C3AC54D70C}.Debug|Any CPU.ActiveCfg = Debug|Any CPU
		{35993A80-8814-4C88-A174-F1C3AC54D70C}.Debug|Any CPU.Build.0 = Debug|Any CPU
		{35993A80-8814-4C88-A174-F1C3AC54D70C}.Release|Any CPU.ActiveCfg = Release|Any CPU
		{35993A80-8814-4C88-A174-F1C3AC54D70C}.Release|Any CPU.Build.0 = Release|Any CPU
		{17AF6BAD-57EF-462D-9891-258CF26F72A6}.Debug|Any CPU.ActiveCfg = Debug|Any CPU
		{17AF6BAD-57EF-462D-9891-258CF26F72A6}.Debug|Any CPU.Build.0 = Debug|Any CPU
		{17AF6BAD-57EF-462D-9891-258CF26F72A6}.Release|Any CPU.ActiveCfg = Release|Any CPU
		{17AF6BAD-57EF-462D-9891-258CF26F72A6}.Release|Any CPU.Build.0 = Release|Any CPU
	EndGlobalSection
	GlobalSection(SolutionProperties) = preSolution
		HideSolutionNode = FALSE
	EndGlobalSection
	GlobalSection(ExtensibilityGlobals) = postSolution
		SolutionGuid = {02D5856B-B25C-466A-8A88-DDEBA46EE1D6}
	EndGlobalSection
EndGlobal
